<?xml version="1.0" encoding="utf-8"?>
<Project ToolsVersion="4.0" xmlns="http://schemas.microsoft.com/developer/msbuild/2003">
  <ItemGroup>
    <Filter Include="ソース ファイル">
      <UniqueIdentifier>{4FC737F1-C7A5-4376-A066-2A32D752A2FF}</UniqueIdentifier>
      <Extensions>cpp;c;cc;cxx;c++;cppm;ixx;def;odl;idl;hpj;bat;asm;asmx</Extensions>
    </Filter>
    <Filter Include="リソース ファイル">
      <UniqueIdentifier>{67DA6AB6-F800-4c08-8B7A-83BB121AAD01}</UniqueIdentifier>
      <Extensions>rc;ico;cur;bmp;dlg;rc2;rct;bin;rgs;gif;jpg;jpeg;jpe;resx;tiff;tif;png;wav;mfcribbon-ms</Extensions>
    </Filter>
    <Filter Include="リソース ファイル\ParticleShader">
      <UniqueIdentifier>{e72dba48-f07e-4874-b269-9cef8007657c}</UniqueIdentifier>
    </Filter>
    <Filter Include="リソース ファイル\ParticleShader\GeometoryShader">
      <UniqueIdentifier>{daa2cbbf-1ac3-4c7d-85e8-b1629cb111ab}</UniqueIdentifier>
    </Filter>
    <Filter Include="リソース ファイル\ParticleShader\PixelShader">
      <UniqueIdentifier>{469f5d74-e2d0-4c6b-aa92-95a8413b68a1}</UniqueIdentifier>
    </Filter>
    <Filter Include="リソース ファイル\ParticleShader\ShaderHeader">
      <UniqueIdentifier>{b4b5eb7f-d159-499e-a0ec-e135aebbf67a}</UniqueIdentifier>
    </Filter>
    <Filter Include="リソース ファイル\ParticleShader\VertexShader">
      <UniqueIdentifier>{47a71b20-3487-4592-bf1c-9fbd3d7a5592}</UniqueIdentifier>
    </Filter>
    <Filter Include="リソース ファイル\SpriteShader">
      <UniqueIdentifier>{e3e36a56-89e5-4d0e-ba24-74e15967b994}</UniqueIdentifier>
    </Filter>
    <Filter Include="ソース ファイル\Engin">
      <UniqueIdentifier>{57fffc77-ead1-4762-a8af-898a64d8e478}</UniqueIdentifier>
    </Filter>
    <Filter Include="ソース ファイル\Engin\Vertices&amp;Index">
      <UniqueIdentifier>{bde88a0d-bf14-4210-ad52-b644a1616865}</UniqueIdentifier>
    </Filter>
    <Filter Include="ソース ファイル\Engin\Texture">
      <UniqueIdentifier>{fff0c284-4827-4ebc-afcb-873631b9bb46}</UniqueIdentifier>
    </Filter>
    <Filter Include="ソース ファイル\Engin\Pipeline">
      <UniqueIdentifier>{eb244fb2-87d3-41d2-a45a-1b6b6af2345d}</UniqueIdentifier>
    </Filter>
    <Filter Include="ソース ファイル\Engin\Particle">
      <UniqueIdentifier>{f0becb41-c220-42f8-9e9c-fbdd59e50c7b}</UniqueIdentifier>
    </Filter>
    <Filter Include="ソース ファイル\Engin\Object">
      <UniqueIdentifier>{f9678f7a-df8e-47b9-b1ac-dfb176c574a4}</UniqueIdentifier>
    </Filter>
    <Filter Include="ソース ファイル\Engin\Math">
      <UniqueIdentifier>{b2488221-a3ca-4c3c-bd45-18c6adfa0ed1}</UniqueIdentifier>
    </Filter>
    <Filter Include="ソース ファイル\Engin\Math\Matrix">
      <UniqueIdentifier>{e84cb9d1-fc26-4494-9bce-75c39c9494da}</UniqueIdentifier>
    </Filter>
    <Filter Include="ソース ファイル\Engin\Math\Vector">
      <UniqueIdentifier>{23479cc5-8905-4bea-8da4-8f37b7055e3f}</UniqueIdentifier>
    </Filter>
    <Filter Include="ソース ファイル\Engin\Input">
      <UniqueIdentifier>{57e1e8d7-770f-447d-a971-18c7cca3cb58}</UniqueIdentifier>
    </Filter>
    <Filter Include="ソース ファイル\Engin\DirectX">
      <UniqueIdentifier>{afd52624-acf3-4d53-873a-09722a5cf32e}</UniqueIdentifier>
    </Filter>
    <Filter Include="ソース ファイル\Engin\Descriptor&amp;Sheader">
      <UniqueIdentifier>{ec728e33-bec1-4c91-a324-352353a52725}</UniqueIdentifier>
    </Filter>
    <Filter Include="ソース ファイル\Engin\3D">
      <UniqueIdentifier>{eb6ba388-9701-4e70-b923-48144367fc89}</UniqueIdentifier>
    </Filter>
    <Filter Include="ソース ファイル\Game">
      <UniqueIdentifier>{5b01ddb0-0d69-4f0c-88e3-5984c0578527}</UniqueIdentifier>
    </Filter>
    <Filter Include="ソース ファイル\Scene">
      <UniqueIdentifier>{966289f4-4e0f-4afd-bad8-65a72c07dd0b}</UniqueIdentifier>
    </Filter>
    <Filter Include="ソース ファイル\Engin\Light">
      <UniqueIdentifier>{5971f4fb-497d-4141-9618-22794fb80932}</UniqueIdentifier>
    </Filter>
    <Filter Include="リソース ファイル\BasicShader">
      <UniqueIdentifier>{6c143c2c-1c7c-48b7-b975-2a3e196d6cdd}</UniqueIdentifier>
    </Filter>
    <Filter Include="リソース ファイル\BasicShader\PixelShader">
      <UniqueIdentifier>{060f4353-5dfb-44c4-b1e2-b96183f34f77}</UniqueIdentifier>
    </Filter>
    <Filter Include="リソース ファイル\BasicShader\GeometoryShader">
      <UniqueIdentifier>{eb50deca-a9aa-4027-b35c-5ce823a5136c}</UniqueIdentifier>
    </Filter>
    <Filter Include="リソース ファイル\BasicShader\VertexShader">
      <UniqueIdentifier>{de84811d-e66c-4849-a6ff-bca3be5f796f}</UniqueIdentifier>
    </Filter>
    <Filter Include="リソース ファイル\BasicShader\ShaderHeader">
      <UniqueIdentifier>{221cc362-ce73-4b12-b724-3af9f026f791}</UniqueIdentifier>
    </Filter>
    <Filter Include="ソース ファイル\Engin\Util">
      <UniqueIdentifier>{5c61fd7e-839e-4826-988a-362178ba54e9}</UniqueIdentifier>
    </Filter>
    <Filter Include="ソース ファイル\Engin\Camera">
      <UniqueIdentifier>{b9826976-6396-4238-8b47-efebfe4300f1}</UniqueIdentifier>
    </Filter>
    <Filter Include="ヘッダー ファイル">
      <UniqueIdentifier>{93995380-89BD-4b04-88EB-625FBE52EBFB}</UniqueIdentifier>
      <Extensions>h;hh;hpp;hxx;h++;hm;inl;inc;ipp;xsd</Extensions>
    </Filter>
    <Filter Include="ヘッダー ファイル\Engin">
      <UniqueIdentifier>{256e957f-f10c-45d6-94bc-b14af46af5b7}</UniqueIdentifier>
    </Filter>
    <Filter Include="ヘッダー ファイル\Engin\Object">
      <UniqueIdentifier>{a0aa570b-6a62-4bb5-bdea-446a023511d8}</UniqueIdentifier>
    </Filter>
    <Filter Include="ヘッダー ファイル\Engin\Particle">
      <UniqueIdentifier>{0e2385a5-8404-4dcb-825c-7a39dfbde112}</UniqueIdentifier>
    </Filter>
    <Filter Include="ヘッダー ファイル\Engin\Pipeline">
      <UniqueIdentifier>{c3dcf2c8-3deb-430d-9685-43005fac84c5}</UniqueIdentifier>
    </Filter>
    <Filter Include="ヘッダー ファイル\Engin\Texture">
      <UniqueIdentifier>{83cb4850-f526-4ed5-8554-d1dbc7d76fa1}</UniqueIdentifier>
    </Filter>
    <Filter Include="ヘッダー ファイル\Engin\Vertices&amp;Index">
      <UniqueIdentifier>{3c706f9d-d6b8-4bc0-bec0-c1c8e30e3cec}</UniqueIdentifier>
    </Filter>
    <Filter Include="ヘッダー ファイル\Engin\Math">
      <UniqueIdentifier>{ae8be9eb-5e9f-499c-a461-2979f9f27ae3}</UniqueIdentifier>
    </Filter>
    <Filter Include="ヘッダー ファイル\Engin\Math\Matrix">
      <UniqueIdentifier>{5101529f-3641-4876-a145-f7ee32ba12fa}</UniqueIdentifier>
    </Filter>
    <Filter Include="ヘッダー ファイル\Engin\Math\Vector">
      <UniqueIdentifier>{f1476017-61e3-4b95-8347-289ef5be820e}</UniqueIdentifier>
    </Filter>
    <Filter Include="ヘッダー ファイル\Engin\Input">
      <UniqueIdentifier>{fcaaf576-eca5-4dc0-80d0-8cdc84857f58}</UniqueIdentifier>
    </Filter>
    <Filter Include="ヘッダー ファイル\Engin\DirectX">
      <UniqueIdentifier>{4d183000-2838-4261-b565-16af9505f69e}</UniqueIdentifier>
    </Filter>
    <Filter Include="ヘッダー ファイル\Engin\Descriptor&amp;Sheader">
      <UniqueIdentifier>{e5df687b-8a73-4eef-a7f7-edd7747db1ab}</UniqueIdentifier>
    </Filter>
    <Filter Include="ヘッダー ファイル\Engin\3D">
      <UniqueIdentifier>{82d29c91-4bed-4af8-99fe-360042030ac8}</UniqueIdentifier>
    </Filter>
    <Filter Include="ヘッダー ファイル\Engin\Light">
      <UniqueIdentifier>{2c8a91e2-59a7-4813-ba8a-ee7c5fd55405}</UniqueIdentifier>
    </Filter>
    <Filter Include="ヘッダー ファイル\Engin\Util">
      <UniqueIdentifier>{8a4651f9-15fc-4828-bda6-7022e24c09b6}</UniqueIdentifier>
    </Filter>
    <Filter Include="ヘッダー ファイル\Engin\Camera">
      <UniqueIdentifier>{66cc4006-06ce-4a3c-b13f-036b8ae6591e}</UniqueIdentifier>
    </Filter>
    <Filter Include="ヘッダー ファイル\Game">
      <UniqueIdentifier>{ced38064-c65b-4f3f-b68d-42290caade83}</UniqueIdentifier>
    </Filter>
    <Filter Include="ヘッダー ファイル\Scene">
      <UniqueIdentifier>{9626c07b-d810-4c3a-a52f-1f3eb218727d}</UniqueIdentifier>
    </Filter>
  </ItemGroup>
  <ItemGroup>
    <ClCompile Include="main.cpp">
      <Filter>ソース ファイル</Filter>
    </ClCompile>
    <ClCompile Include="Object3d.cpp">
      <Filter>ソース ファイル\Engin\Object</Filter>
    </ClCompile>
    <ClCompile Include="ObjectMaterial.cpp">
      <Filter>ソース ファイル\Engin\Object</Filter>
    </ClCompile>
    <ClCompile Include="Dx12.cpp">
      <Filter>ソース ファイル\Engin\DirectX</Filter>
    </ClCompile>
    <ClCompile Include="DxWindow.cpp">
      <Filter>ソース ファイル\Engin\DirectX</Filter>
    </ClCompile>
    <ClCompile Include="Projection.cpp">
      <Filter>ソース ファイル\Engin\Math\Matrix</Filter>
    </ClCompile>
    <ClCompile Include="View.cpp">
      <Filter>ソース ファイル\Engin\Math\Matrix</Filter>
    </ClCompile>
    <ClCompile Include="WorldMatrix.cpp">
      <Filter>ソース ファイル\Engin\Math\Matrix</Filter>
    </ClCompile>
    <ClCompile Include="Input.cpp">
      <Filter>ソース ファイル\Engin\Input</Filter>
    </ClCompile>
    <ClCompile Include="Depth.cpp">
      <Filter>ソース ファイル\Engin\3D</Filter>
    </ClCompile>
    <ClCompile Include="MipMap.cpp">
      <Filter>ソース ファイル\Engin\Texture</Filter>
    </ClCompile>
    <ClCompile Include="TexImgData.cpp">
      <Filter>ソース ファイル\Engin\Texture</Filter>
    </ClCompile>
    <ClCompile Include="TextureFile.cpp">
      <Filter>ソース ファイル\Engin\Texture</Filter>
    </ClCompile>
    <ClCompile Include="TextureBuffer.cpp">
      <Filter>ソース ファイル\Engin\Texture</Filter>
    </ClCompile>
    <ClCompile Include="Descriptor.cpp">
      <Filter>ソース ファイル\Engin\Descriptor&amp;Sheader</Filter>
    </ClCompile>
    <ClCompile Include="RootParameter.cpp">
      <Filter>ソース ファイル\Engin\Descriptor&amp;Sheader</Filter>
    </ClCompile>
    <ClCompile Include="Vertex.cpp">
      <Filter>ソース ファイル\Engin\Vertices&amp;Index</Filter>
    </ClCompile>
    <ClCompile Include="MCBMatrix.cpp">
      <Filter>ソース ファイル\Engin\Math\Matrix</Filter>
    </ClCompile>
    <ClCompile Include="Vector3D.cpp">
      <Filter>ソース ファイル\Engin\Math\Vector</Filter>
    </ClCompile>
    <ClCompile Include="MCBFloat.cpp">
      <Filter>ソース ファイル\Engin\Math</Filter>
    </ClCompile>
    <ClCompile Include="Model.cpp">
      <Filter>ソース ファイル\Engin\Vertices&amp;Index</Filter>
    </ClCompile>
    <ClCompile Include="Shader.cpp">
      <Filter>ソース ファイル\Engin\Descriptor&amp;Sheader</Filter>
    </ClCompile>
    <ClCompile Include="Pipeline.cpp">
      <Filter>ソース ファイル\Engin\Pipeline</Filter>
    </ClCompile>
    <ClCompile Include="TexSample.cpp">
      <Filter>ソース ファイル\Engin\Pipeline</Filter>
    </ClCompile>
    <ClCompile Include="RootSignature.cpp">
      <Filter>ソース ファイル\Engin\Pipeline</Filter>
    </ClCompile>
    <ClCompile Include="Quaternion.cpp">
      <Filter>ソース ファイル\Engin\Math</Filter>
    </ClCompile>
    <ClCompile Include="Particle.cpp">
      <Filter>ソース ファイル\Engin\Particle</Filter>
    </ClCompile>
    <ClCompile Include="ParticleMaterial.cpp">
      <Filter>ソース ファイル\Engin\Particle</Filter>
    </ClCompile>
    <ClCompile Include="Texture.cpp">
      <Filter>ソース ファイル\Engin\Texture</Filter>
    </ClCompile>
    <ClCompile Include="PIpelineRootSignature.cpp">
      <Filter>ソース ファイル\Engin\Pipeline</Filter>
    </ClCompile>
    <ClCompile Include="Sprite.cpp">
      <Filter>ソース ファイル\Engin\Texture</Filter>
    </ClCompile>
    <ClCompile Include="DebugText.cpp">
      <Filter>ソース ファイル\Engin\Texture</Filter>
    </ClCompile>
    <ClCompile Include="Draw.cpp">
      <Filter>ソース ファイル\Engin\DirectX</Filter>
    </ClCompile>
    <ClCompile Include="Collider.cpp">
      <Filter>ソース ファイル\Engin\3D</Filter>
    </ClCompile>
    <ClCompile Include="IScene.cpp">
      <Filter>ソース ファイル\Scene</Filter>
    </ClCompile>
    <ClCompile Include="Scene.cpp">
      <Filter>ソース ファイル\Scene</Filter>
    </ClCompile>
    <ClCompile Include="PointLight.cpp">
      <Filter>ソース ファイル\Engin\Light</Filter>
    </ClCompile>
    <ClCompile Include="Light.cpp">
      <Filter>ソース ファイル\Engin\Light</Filter>
    </ClCompile>
    <ClCompile Include="LightGroup.cpp">
      <Filter>ソース ファイル\Engin\Light</Filter>
    </ClCompile>
    <ClCompile Include="SpotLight.cpp">
      <Filter>ソース ファイル\Engin\Light</Filter>
    </ClCompile>
    <ClCompile Include="SceneManager.cpp">
      <Filter>ソース ファイル\Scene</Filter>
    </ClCompile>
    <ClCompile Include="TitleScene.cpp">
      <Filter>ソース ファイル\Scene</Filter>
    </ClCompile>
    <ClCompile Include="FBXLoader.cpp">
      <Filter>ソース ファイル\Engin\Vertices&amp;Index</Filter>
    </ClCompile>
    <ClCompile Include="FBXModel.cpp">
      <Filter>ソース ファイル\Engin\Vertices&amp;Index</Filter>
    </ClCompile>
    <ClCompile Include="GamePad.cpp">
      <Filter>ソース ファイル\Engin\Input</Filter>
    </ClCompile>
    <ClCompile Include="PipeLineManager.cpp">
      <Filter>ソース ファイル\Engin\Pipeline</Filter>
    </ClCompile>
    <ClCompile Include="FPS.cpp">
      <Filter>ソース ファイル\Engin\Util</Filter>
    </ClCompile>
    <ClCompile Include="Sound.cpp">
      <Filter>ソース ファイル\Engin\Util</Filter>
    </ClCompile>
    <ClCompile Include="ImguiManager.cpp">
      <Filter>ソース ファイル\Engin\Util</Filter>
    </ClCompile>
    <ClCompile Include="Util.cpp">
      <Filter>ソース ファイル\Engin\Util</Filter>
    </ClCompile>
    <ClCompile Include="ICamera.cpp">
      <Filter>ソース ファイル\Engin\Camera</Filter>
    </ClCompile>
    <ClCompile Include="DebugCamera.cpp">
      <Filter>ソース ファイル\Engin\Camera</Filter>
    </ClCompile>
    <ClCompile Include="Camera.cpp">
      <Filter>ソース ファイル\Engin\Camera</Filter>
    </ClCompile>
    <ClCompile Include="Vecter2D.cpp">
      <Filter>ソース ファイル\Engin\Math\Vector</Filter>
    </ClCompile>
    <ClCompile Include="TextureManager.cpp">
      <Filter>ソース ファイル\Engin\Texture</Filter>
    </ClCompile>
  </ItemGroup>
  <ItemGroup>
    <FxCompile Include="Resources\Shaders\ParticleShader\ParticleGeometryShader.hlsl">
      <Filter>リソース ファイル\ParticleShader\GeometoryShader</Filter>
    </FxCompile>
    <FxCompile Include="Resources\Shaders\ParticleShader\ParticlePixelShader.hlsl">
      <Filter>リソース ファイル\ParticleShader\PixelShader</Filter>
    </FxCompile>
    <FxCompile Include="Resources\Shaders\ParticleShader\ParticleVertexShader.hlsl">
      <Filter>リソース ファイル\ParticleShader\VertexShader</Filter>
    </FxCompile>
    <FxCompile Include="Resources\Shaders\OBJShader\OBJGeometryShader.hlsl">
      <Filter>リソース ファイル\BasicShader\GeometoryShader</Filter>
    </FxCompile>
    <FxCompile Include="Resources\Shaders\OBJShader\OBJPixelShader.hlsl">
      <Filter>リソース ファイル\BasicShader\PixelShader</Filter>
    </FxCompile>
    <FxCompile Include="Resources\Shaders\OBJShader\OBJVertexShader.hlsl">
      <Filter>リソース ファイル\BasicShader\VertexShader</Filter>
    </FxCompile>
    <FxCompile Include="Resources\Shaders\SpriteShader\SpritePixelShader.hlsl">
      <Filter>リソース ファイル\SpriteShader</Filter>
    </FxCompile>
    <FxCompile Include="Resources\Shaders\SpriteShader\SpriteVertexShader.hlsl">
      <Filter>リソース ファイル\SpriteShader</Filter>
    </FxCompile>
  </ItemGroup>
  <ItemGroup>
    <ClInclude Include="DxWindow.h">
      <Filter>ヘッダー ファイル\Engin\DirectX</Filter>
    </ClInclude>
    <ClInclude Include="Dx12.h">
      <Filter>ヘッダー ファイル\Engin\DirectX</Filter>
    </ClInclude>
    <ClInclude Include="Projection.h">
      <Filter>ヘッダー ファイル\Engin\Math\Matrix</Filter>
    </ClInclude>
    <ClInclude Include="View.h">
      <Filter>ヘッダー ファイル\Engin\Math\Matrix</Filter>
    </ClInclude>
    <ClInclude Include="WorldMatrix.h">
      <Filter>ヘッダー ファイル\Engin\Math\Matrix</Filter>
    </ClInclude>
    <ClInclude Include="Depth.h">
      <Filter>ヘッダー ファイル\Engin\3D</Filter>
    </ClInclude>
    <ClInclude Include="Input.h">
      <Filter>ヘッダー ファイル\Engin\Input</Filter>
    </ClInclude>
    <ClInclude Include="Object3d.h">
      <Filter>ヘッダー ファイル\Engin\Object</Filter>
    </ClInclude>
    <ClInclude Include="ObjectMaterial.h">
      <Filter>ヘッダー ファイル\Engin\Object</Filter>
    </ClInclude>
    <ClInclude Include="MipMap.h">
      <Filter>ヘッダー ファイル\Engin\Texture</Filter>
    </ClInclude>
    <ClInclude Include="TexImgData.h">
      <Filter>ヘッダー ファイル\Engin\Texture</Filter>
    </ClInclude>
    <ClInclude Include="TextureFile.h">
      <Filter>ヘッダー ファイル\Engin\Texture</Filter>
    </ClInclude>
    <ClInclude Include="TextureBuffer.h">
      <Filter>ヘッダー ファイル\Engin\Texture</Filter>
    </ClInclude>
    <ClInclude Include="Descriptor.h">
      <Filter>ヘッダー ファイル\Engin\Descriptor&amp;Sheader</Filter>
    </ClInclude>
    <ClInclude Include="RootParameter.h">
      <Filter>ヘッダー ファイル\Engin\Descriptor&amp;Sheader</Filter>
    </ClInclude>
    <ClInclude Include="Vertex.h">
      <Filter>ヘッダー ファイル\Engin\Vertices&amp;Index</Filter>
    </ClInclude>
    <ClInclude Include="MCBMatrix.h">
      <Filter>ヘッダー ファイル\Engin\Math\Matrix</Filter>
    </ClInclude>
    <ClInclude Include="Vector3D.h">
      <Filter>ヘッダー ファイル\Engin\Math\Vector</Filter>
    </ClInclude>
    <ClInclude Include="MCBFloat.h">
      <Filter>ヘッダー ファイル\Engin\Math</Filter>
    </ClInclude>
    <ClInclude Include="Model.h">
      <Filter>ヘッダー ファイル\Engin\Vertices&amp;Index</Filter>
    </ClInclude>
    <ClInclude Include="Shader.h">
      <Filter>ヘッダー ファイル\Engin\Descriptor&amp;Sheader</Filter>
    </ClInclude>
    <ClInclude Include="Pipeline.h">
      <Filter>ヘッダー ファイル\Engin\Pipeline</Filter>
    </ClInclude>
    <ClInclude Include="TexSample.h">
      <Filter>ヘッダー ファイル\Engin\Pipeline</Filter>
    </ClInclude>
    <ClInclude Include="RootSignature.h">
      <Filter>ヘッダー ファイル\Engin\Pipeline</Filter>
    </ClInclude>
    <ClInclude Include="Quaternion.h">
      <Filter>ヘッダー ファイル\Engin\Math</Filter>
    </ClInclude>
    <ClInclude Include="Particle.h">
      <Filter>ヘッダー ファイル\Engin\Particle</Filter>
    </ClInclude>
    <ClInclude Include="ParticleMaterial.h">
      <Filter>ヘッダー ファイル\Engin\Particle</Filter>
    </ClInclude>
    <ClInclude Include="Texture.h">
      <Filter>ヘッダー ファイル\Engin\Texture</Filter>
    </ClInclude>
    <ClInclude Include="PIpelineRootSignature.h">
      <Filter>ヘッダー ファイル\Engin\Pipeline</Filter>
    </ClInclude>
    <ClInclude Include="Draw.h">
      <Filter>ヘッダー ファイル\Engin\DirectX</Filter>
    </ClInclude>
    <ClInclude Include="Sprite.h">
      <Filter>ヘッダー ファイル\Engin\Texture</Filter>
    </ClInclude>
    <ClInclude Include="DebugText.h">
      <Filter>ヘッダー ファイル\Engin\Texture</Filter>
    </ClInclude>
    <ClInclude Include="Collider.h">
      <Filter>ヘッダー ファイル\Engin\3D</Filter>
    </ClInclude>
    <ClInclude Include="IScene.h">
      <Filter>ヘッダー ファイル\Scene</Filter>
    </ClInclude>
    <ClInclude Include="Scene.h">
      <Filter>ヘッダー ファイル\Scene</Filter>
    </ClInclude>
    <ClInclude Include="LightGroup.h">
      <Filter>ヘッダー ファイル\Engin\Light</Filter>
    </ClInclude>
    <ClInclude Include="Light.h">
      <Filter>ヘッダー ファイル\Engin\Light</Filter>
    </ClInclude>
    <ClInclude Include="PointLight.h">
      <Filter>ヘッダー ファイル\Engin\Light</Filter>
    </ClInclude>
    <ClInclude Include="SpotLight.h">
      <Filter>ヘッダー ファイル\Engin\Light</Filter>
    </ClInclude>
    <ClInclude Include="SceneManager.h">
      <Filter>ヘッダー ファイル\Scene</Filter>
    </ClInclude>
    <ClInclude Include="TitleScene.h">
      <Filter>ヘッダー ファイル\Scene</Filter>
    </ClInclude>
    <ClInclude Include="FBXModel.h">
      <Filter>ヘッダー ファイル\Engin\Vertices&amp;Index</Filter>
    </ClInclude>
    <ClInclude Include="FBXLoader.h">
      <Filter>ヘッダー ファイル\Engin\Vertices&amp;Index</Filter>
    </ClInclude>
    <ClInclude Include="GamePad.h">
      <Filter>ヘッダー ファイル\Engin\Input</Filter>
    </ClInclude>
    <ClInclude Include="PIpelines.h">
      <Filter>ヘッダー ファイル\Engin\Pipeline</Filter>
    </ClInclude>
    <ClInclude Include="PipeLineManager.h">
      <Filter>ヘッダー ファイル\Engin\Pipeline</Filter>
    </ClInclude>
    <ClInclude Include="ImguiManager.h">
      <Filter>ヘッダー ファイル\Engin\Util</Filter>
    </ClInclude>
    <ClInclude Include="Util.h">
      <Filter>ヘッダー ファイル\Engin\Util</Filter>
    </ClInclude>
    <ClInclude Include="Sound.h">
      <Filter>ヘッダー ファイル\Engin\Util</Filter>
    </ClInclude>
    <ClInclude Include="FPS.h">
      <Filter>ヘッダー ファイル\Engin\Util</Filter>
    </ClInclude>
    <ClInclude Include="Camera.h">
      <Filter>ヘッダー ファイル\Engin\Camera</Filter>
    </ClInclude>
    <ClInclude Include="DebugCamera.h">
      <Filter>ヘッダー ファイル\Engin\Camera</Filter>
    </ClInclude>
    <ClInclude Include="ICamera.h">
      <Filter>ヘッダー ファイル\Engin\Camera</Filter>
    </ClInclude>
    <ClInclude Include="Vecter2D.h">
      <Filter>ヘッダー ファイル\Engin\Math\Vector</Filter>
    </ClInclude>
    <ClInclude Include="TextureManager.h">
      <Filter>ヘッダー ファイル\Engin\Texture</Filter>
    </ClInclude>
  </ItemGroup>
  <ItemGroup>
    <None Include="Resources\Shaders\ParticleShader\ParticleHeader.hlsli">
      <Filter>リソース ファイル\ParticleShader\ShaderHeader</Filter>
    </None>
    <None Include="Resources\Shaders\OBJShader\OBJHeader.hlsli">
      <Filter>リソース ファイル\BasicShader\ShaderHeader</Filter>
    </None>
    <None Include="Resources\Shaders\SpriteShader\SpriteShaderHeader.hlsli">
      <Filter>リソース ファイル\SpriteShader</Filter>
    </None>
  </ItemGroup>
</Project>